{
  "version": 1,
  "dependencies": {
    "net10.0-windows10.0.22621": {
      "AutoCtor": {
        "type": "Direct",
        "requested": "[3.0.0, )",
        "resolved": "3.0.0",
        "contentHash": "kLS9/v2aazsj5NA/DcCtx/W3TEMb+F//gXGrzCq3zsHjfKuFo6j37uv+gTn0+earWtcTHUhghpCRgRgNzu8S8Q=="
      },
      "Injectio": {
        "type": "Direct",
        "requested": "[6.1.0, )",
        "resolved": "6.1.0",
        "contentHash": "UrLWKpGTIliUPzKd0WnBAeXH3haZt7f13DESaWTUnTnpld5wAizlsJ9wwC5H8rs5APlmXIYDxfiDKIjnNpHdcw=="
      },
      "Lumina": {
        "type": "Direct",
        "requested": "[7.6.0, )",
        "resolved": "7.6.0",
        "contentHash": "rvlUbb72dd/9sWVcJQ1FG6POQRDd8TKy64VWTHwXbm1s54gFK5jssRDB7sVmlKUFLzpORmH4Xt8G8DISHYzMQg==",
        "dependencies": {
          "BCnEncoder.Net": "2.2.1",
          "Microsoft.Extensions.ObjectPool": "10.0.0"
        }
      },
      "Microsoft.Extensions.DependencyInjection": {
        "type": "Direct",
        "requested": "[10.0.8, )",
        "resolved": "10.0.8",
        "contentHash": "daf62xHIrq8pnE709hgaZZN9tSam9TGGepWe1+bE6V3GEuVwJiMs6ib+38lfMCyAJAHiX0vapxBhsuMSV7U+cg==",
        "dependencies": {
          "Microsoft.Extensions.DependencyInjection.Abstractions": "10.0.8"
        }
      },
      "Microsoft.Extensions.Logging": {
        "type": "Direct",
        "requested": "[10.0.8, )",
        "resolved": "10.0.8",
        "contentHash": "K60JhWC2hN/Gi7TP68tBxSzk5ACWOs7lkmPzsfA8Bcf/IXTajujt2ORMf9rSMk1bsng6Lv4Y3fuxp3bm1+15ug==",
        "dependencies": {
          "Microsoft.Extensions.DependencyInjection": "10.0.8",
          "Microsoft.Extensions.Logging.Abstractions": "10.0.8",
          "Microsoft.Extensions.Options": "10.0.8"
        }
      },
      "Microsoft.Extensions.Logging.Debug": {
        "type": "Direct",
        "requested": "[10.0.8, )",
        "resolved": "10.0.8",
        "contentHash": "4HW3M1lGHHDwEYcDZHRNptBQ48LCI2yW+XV4vuxdfQUqafTpVT8j9RqAsez08krZKhIiaArWu8iQq5uRKZ9Ffg==",
        "dependencies": {
          "Microsoft.Extensions.DependencyInjection.Abstractions": "10.0.8",
          "Microsoft.Extensions.Logging": "10.0.8",
          "Microsoft.Extensions.Logging.Abstractions": "10.0.8"
        }
      },
      "Microsoft.UI.Reactor": {
        "type": "Direct",
        "requested": "[0.1.0-preview.1, )",
        "resolved": "0.1.0-preview.1",
        "contentHash": "Zugmk4f4vj39CmX33gzVGMUzw08f/kBhy1A8DGaNn2O4rYfQzyKrd1TAacSECOmWn2lfeaSuM4SLcRjq9hYimQ==",
        "dependencies": {
          "MessageFormat": "8.0.0",
          "Microsoft.Extensions.Logging.Abstractions": "9.0.0",
          "Microsoft.WindowsAppSDK": "2.0.1",
          "System.Drawing.Common": "9.0.4"
        }
      },
      "Microsoft.WindowsAppSDK": {
        "type": "Direct",
        "requested": "[2.0.1, )",
        "resolved": "2.0.1",
        "contentHash": "R+iN0mqIUUppbzpHU178R5malnttTTVBOBIGi1NQVVZAs34bAANM/iLJhjj6uUBgYiPfpvjcLbHT5IZ8kKKaqg==",
        "dependencies": {
          "Microsoft.WindowsAppSDK.AI": "2.0.185",
          "Microsoft.WindowsAppSDK.Base": "2.0.3",
          "Microsoft.WindowsAppSDK.DWrite": "2.0.26041403",
          "Microsoft.WindowsAppSDK.Foundation": "2.0.20",
          "Microsoft.WindowsAppSDK.InteractiveExperiences": "2.0.12",
          "Microsoft.WindowsAppSDK.ML": "2.0.300",
          "Microsoft.WindowsAppSDK.Runtime": "[2.0.1]",
          "Microsoft.WindowsAppSDK.Widgets": "2.0.4",
          "Microsoft.WindowsAppSDK.WinUI": "2.0.12"
        }
      },
      "PropertyChanged.SourceGenerator": {
        "type": "Direct",
        "requested": "[1.1.2, )",
        "resolved": "1.1.2",
        "contentHash": "aMQHpG3QmIDbdvy7DbkTOAM4LORD6v4SyJpZeRM45sOjEO0XRFJ+DSgmjp9Bb7qpLKYFapF/cAX3EzLOFBSOpg=="
      },
      "winfsp.net": {
        "type": "Direct",
        "requested": "[2.2.26112, )",
        "resolved": "2.2.26112",
        "contentHash": "ZW4Pn1TwwLgqtcZinpWUKkMeghAqJOWlhTnI8mOkm12TXAxPnSxuWkBeSLtNtGvaYeJIU5jjqnlhn+bAHOqApg==",
        "dependencies": {
          "System.IO.FileSystem.AccessControl": "5.0.0"
        }
      },
      "BCnEncoder.Net": {
        "type": "Transitive",
        "resolved": "2.2.1",
        "contentHash": "tI5+/OQo0kciLqWrViRjpOH+IL3FjexYnoWZajiGV41g/EM9CGbWsxsPzBDmpoxNkrV9uox/EtIhCIi9chBSFw==",
        "dependencies": {
          "CommunityToolkit.HighPerformance": "8.4.0"
        }
      },
      "CommunityToolkit.HighPerformance": {
        "type": "Transitive",
        "resolved": "8.4.0",
        "contentHash": "flxspiBs0G/0GMp7IK2J2ijV9bTG6hEwFc/z6ekHqB6nwRJ4Ry2yLdx+TkbCUYFCl4XhABkAwomeKbT6zM2Zlg=="
      },
      "MessageFormat": {
        "type": "Transitive",
        "resolved": "8.0.0",
        "contentHash": "+nmYgGQVhGXmvQd+AMYILZGTxOP4J9tOR3KbjoxMDDICRrSzHYB9v1aRRVnXkD1ZeBapscFWIf5B/ck3p9R1mg=="
      },
      "Microsoft.Data.Sqlite.Core": {
        "type": "Transitive",
        "resolved": "10.0.1",
        "contentHash": "ACiR0/BskX5iKL0q9oYSdO46Igc2rD867Vd+RvM/0CU0+7dn4R40vIQPUWQkza5EGfc4Ts3DinnB8jo7WgQOTg==",
        "dependencies": {
          "SQLitePCLRaw.core": "2.1.11"
        }
      },
      "Microsoft.EntityFrameworkCore": {
        "type": "Transitive",
        "resolved": "10.0.1",
        "contentHash": "QsXvZ8G7Dl7x09rlq0b2dye7QqfReMq8yGdl7Mffi3Ip+aTa+JUMixBZ4lhCs9Ygjz2e9tiUACstxI+ADkwaFg==",
        "dependencies": {
          "Microsoft.EntityFrameworkCore.Abstractions": "10.0.1",
          "Microsoft.EntityFrameworkCore.Analyzers": "10.0.1",
          "Microsoft.Extensions.Caching.Memory": "10.0.1",
          "Microsoft.Extensions.Logging": "10.0.1"
        }
      },
      "Microsoft.EntityFrameworkCore.Abstractions": {
        "type": "Transitive",
        "resolved": "10.0.1",
        "contentHash": "sp6Uq8Oc3RVGtmxLS3ZgzVeFHrpLNymsMudoeqRmB9pRTWgvq2S903sF5OnaaZmh4Bz6kpq7FwofE+DOhKJYvg=="
      },
      "Microsoft.EntityFrameworkCore.Analyzers": {
        "type": "Transitive",
        "resolved": "10.0.1",
        "contentHash": "Ug2lxkiz1bpnxQF/xdswLl5EBA6sAG2ig5nMjmtpQZO0C88ZnvUkbpH2vQq+8ultIRmvp5Ec2jndLGRMPjW0Ew=="
      },
      "Microsoft.EntityFrameworkCore.Relational": {
        "type": "Transitive",
        "resolved": "10.0.1",
        "contentHash": "8/5kYGwKN6wtc89QqcPTOZDAJSMX8MzKCf5OmYjIfAHWTfsUEpGKYrdtfNk4X36rQ0BiU3n57Y4rbtnerzJN0Q==",
        "dependencies": {
          "Microsoft.EntityFrameworkCore": "10.0.1",
          "Microsoft.Extensions.Caching.Memory": "10.0.1",
          "Microsoft.Extensions.Configuration.Abstractions": "10.0.1",
          "Microsoft.Extensions.Logging": "10.0.1"
        }
      },
      "Microsoft.EntityFrameworkCore.Sqlite": {
        "type": "Transitive",
        "resolved": "10.0.1",
        "contentHash": "Pzdcceryj0URGathTixUGBPifO9liMZLFG+aRKWORJEnMlDZYs3DRnzI3u2KHCo5SI7PuRpGKoyfgdVG1Pjv4g==",
        "dependencies": {
          "Microsoft.EntityFrameworkCore.Sqlite.Core": "10.0.1",
          "Microsoft.Extensions.Caching.Memory": "10.0.1",
          "Microsoft.Extensions.Configuration.Abstractions": "10.0.1",
          "Microsoft.Extensions.DependencyModel": "10.0.1",
          "Microsoft.Extensions.Logging": "10.0.1",
          "SQLitePCLRaw.bundle_e_sqlite3": "2.1.11",
          "SQLitePCLRaw.core": "2.1.11"
        }
      },
      "Microsoft.EntityFrameworkCore.Sqlite.Core": {
        "type": "Transitive",
        "resolved": "10.0.1",
        "contentHash": "1rWpcHxWb5JbTPsJrrl2SN3qub3vajfr5zz8zu9fTFFHx1/GZdE8PkmdvFTKb11AGcmqjH8eA3siA+4bssjGfw==",
        "dependencies": {
          "Microsoft.Data.Sqlite.Core": "10.0.1",
          "Microsoft.EntityFrameworkCore.Relational": "10.0.1",
          "Microsoft.Extensions.Caching.Memory": "10.0.1",
          "Microsoft.Extensions.Configuration.Abstractions": "10.0.1",
          "Microsoft.Extensions.DependencyModel": "10.0.1",
          "Microsoft.Extensions.Logging": "10.0.1",
          "SQLitePCLRaw.core": "2.1.11"
        }
      },
      "Microsoft.Extensions.Caching.Abstractions": {
        "type": "Transitive",
        "resolved": "10.0.1",
        "contentHash": "Vb1vVAQDxHpXVdL9fpOX2BzeV7bbhzG4pAcIKRauRl0/VfkE8mq0f+fYC+gWICh3dlzTZInJ/cTeBS2MgU/XvQ==",
        "dependencies": {
          "Microsoft.Extensions.Primitives": "10.0.1"
        }
      },
      "Microsoft.Extensions.Caching.Memory": {
        "type": "Transitive",
        "resolved": "10.0.1",
        "contentHash": "NxqSP0Ky4dZ5ybszdZCqs1X2C70s+dXflqhYBUh/vhcQVTIooNCXIYnLVbafoAFGZMs51d9+rHxveXs0ZC3SQQ==",
        "dependencies": {
          "Microsoft.Extensions.Caching.Abstractions": "10.0.1",
          "Microsoft.Extensions.DependencyInjection.Abstractions": "10.0.1",
          "Microsoft.Extensions.Logging.Abstractions": "10.0.1",
          "Microsoft.Extensions.Options": "10.0.1",
          "Microsoft.Extensions.Primitives": "10.0.1"
        }
      },
      "Microsoft.Extensions.Configuration.Abstractions": {
        "type": "Transitive",
        "resolved": "10.0.1",
        "contentHash": "kPlU11hql+L9RjrN2N9/0GcRcRcZrNFlLLjadasFWeBORT6pL6OE+RYRk90GGCyVGSxTK+e1/f3dsMj5zpFFiQ==",
        "dependencies": {
          "Microsoft.Extensions.Primitives": "10.0.1"
        }
      },
      "Microsoft.Extensions.DependencyInjection.Abstractions": {
        "type": "Transitive",
        "resolved": "10.0.8",
        "contentHash": "21nbDV60SRPWGIivsyl6lqBeEJNG1sginhhfWgRrr3Ais7aQ12To25OAHQxgoiJkjqy1aQ6RxpZBGYuTi7Ge6A=="
      },
      "Microsoft.Extensions.DependencyModel": {
        "type": "Transitive",
        "resolved": "10.0.1",
        "contentHash": "IiWPd4j8JLNjSkyXl5hvJwX2ZENDVQVPDHYgZmYdw8+YkY2xp9iQt0vjdnAQZLpo/ipeW1xgOqfSBEnivKWPYQ=="
      },
      "Microsoft.Extensions.Logging.Abstractions": {
        "type": "Transitive",
        "resolved": "10.0.8",
        "contentHash": "fdVadZmsC8jRP0KvKy8mO8f6GV/HyBvElfcSxEhd+5FM5boAw/01iSaCto5G3G37ApJira4A3pNaVvBv8cUiLQ==",
        "dependencies": {
          "Microsoft.Extensions.DependencyInjection.Abstractions": "10.0.8"
        }
      },
      "Microsoft.Extensions.ObjectPool": {
        "type": "Transitive",
        "resolved": "10.0.0",
        "contentHash": "bpeCq0IYmVLACyEUMzFIOQX+zZUElG1t+nu1lSxthe7B+1oNYking7b91305+jNB6iwojp9fqTY9O+Nh7ULQxg=="
      },
      "Microsoft.Extensions.Options": {
        "type": "Transitive",
        "resolved": "10.0.8",
        "contentHash": "VBD+131DpTNCNDfA4kIyKTiCySvJGNhwibdWBSdFRu7GMfXLXcXODkgA+KStKbbhzraLglZWUN4nXyHgW4JIRA==",
        "dependencies": {
          "Microsoft.Extensions.DependencyInjection.Abstractions": "10.0.8",
          "Microsoft.Extensions.Primitives": "10.0.8"
        }
      },
      "Microsoft.Extensions.Primitives": {
        "type": "Transitive",
        "resolved": "10.0.8",
        "contentHash": "OBPo4nYhMyIbtueoC10CBm6AGAbo/A9IV8QQ/6ryZS7VvmqpGT7hunazeHLxFawRzn3oLOq4jhqhpBX4tfswWQ=="
      },
      "Microsoft.Web.WebView2": {
        "type": "Transitive",
        "resolved": "1.0.3719.77",
        "contentHash": "t+ucyKw5NTwMjsUrDF6R9Lk40lpcKQD1/HgyGFxl49tdA4h9dKlsj6FYGEmDRpFNfnTpENuTypMcdbrlkqBdDA=="
      },
      "Microsoft.Win32.SystemEvents": {
        "type": "Transitive",
        "resolved": "9.0.4",
        "contentHash": "kHgtAkXhNEP8oGuAVe3Q5admxsdMlSdWE2rXcA9FfeGDZJQawPccmZgnOswgW3ugUPSJt7VH+TMQPz65mnhGSQ=="
      },
      "Microsoft.Windows.AI.MachineLearning": {
        "type": "Transitive",
        "resolved": "2.0.300",
        "contentHash": "OiJX15N198kG30Lop7LH8WjmBfk2/9iU9it9eLPnkNZ49Yi/vAa4ntONGiGOgv5mb8/fvFHV5trCWSPM+OQhSw==",
        "dependencies": {
          "System.Numerics.Tensors": "9.0.0"
        }
      },
      "Microsoft.Windows.SDK.BuildTools": {
        "type": "Transitive",
        "resolved": "10.0.26100.4654",
        "contentHash": "2mgcOlj/t2RfSyyw+pVESfO+Tk1RkfQzto9Vrq42M1lUQIfQEwbi8QLha9GXWIOj+TFzeHIEJckIoF25mgiM8A=="
      },
      "Microsoft.Windows.SDK.BuildTools.MSIX": {
        "type": "Transitive",
        "resolved": "1.7.251221100",
        "contentHash": "f4aIZJ0NUth2403oxrpR+9rxVzZVI6dabqB21u8ncnk8eJAKCs9m77E4iYAnvP1YwrRe4axz3f8+yUcttNSfEA=="
      },
      "Microsoft.WindowsAppSDK.AI": {
        "type": "Transitive",
        "resolved": "2.0.185",
        "contentHash": "KkWthQS+QuiTQJ8HgSpobUgfJDRUAwps0/1MjYM3wZ/hQzSKr1UoyiYLgk/I8Z2I+/NNphbZ9NsY7DwHKrZJlg==",
        "dependencies": {
          "Microsoft.WindowsAppSDK.Base": "2.0.3",
          "Microsoft.WindowsAppSDK.Foundation": "2.0.19"
        }
      },
      "Microsoft.WindowsAppSDK.Base": {
        "type": "Transitive",
        "resolved": "2.0.3",
        "contentHash": "UZIO8/Vk2FKONlKNM8ZyFLhkSZcMZSzFDVmmzZOCnOBcvxNwWRW/+klUlTEI8tLpPVHJTQUsZE677GaYyDzrHw==",
        "dependencies": {
          "Microsoft.Windows.SDK.BuildTools": "10.0.26100.4654",
          "Microsoft.Windows.SDK.BuildTools.MSIX": "1.7.251221100"
        }
      },
      "Microsoft.WindowsAppSDK.DWrite": {
        "type": "Transitive",
        "resolved": "2.0.26041403",
        "contentHash": "iClF//qwKk82OWR84acdTezu9euInOYo6QvtFz/IobfbpWBLfXA4mjbu5DpK03z/BF8hHG7COIwvJ+D/5iNvsg==",
        "dependencies": {
          "Microsoft.WindowsAppSDK.Base": "2.0.3"
        }
      },
      "Microsoft.WindowsAppSDK.Foundation": {
        "type": "Transitive",
        "resolved": "2.0.20",
        "contentHash": "PwoRG/eddoi9SOSVPyanei5WAHMyAeVFAeqcovd0V0Ebx6dw7S+ksVVGThAoMjrRI6f93Fa6mTmwXqFHExOtlw==",
        "dependencies": {
          "Microsoft.WindowsAppSDK.Base": "2.0.3",
          "Microsoft.WindowsAppSDK.InteractiveExperiences": "2.0.12"
        }
      },
      "Microsoft.WindowsAppSDK.InteractiveExperiences": {
        "type": "Transitive",
        "resolved": "2.0.12",
        "contentHash": "uGNDuIhBHTO1azsa0SCO6/h/0JBVKqoKiJA0K8JSgrlGeC5Lx7g0xppS8aOF/aTnOPSR9BIEHWRvH9JldWTbBg==",
        "dependencies": {
          "Microsoft.WindowsAppSDK.Base": "2.0.3"
        }
      },
      "Microsoft.WindowsAppSDK.ML": {
        "type": "Transitive",
        "resolved": "2.0.300",
        "contentHash": "3/PInpjZozhI+KryPO2b3gZVNyFVOd5qSBhiGW/qFo2VzKQCMc0+cyaCPVm8uhfm3jqgYjQ4g/EqHFA5gJIaoQ==",
        "dependencies": {
          "Microsoft.Windows.AI.MachineLearning": "[2.0.300, 3.0.0)",
          "Microsoft.WindowsAppSDK.Base": "2.0.3",
          "Microsoft.WindowsAppSDK.Foundation": "2.0.19"
        }
      },
      "Microsoft.WindowsAppSDK.Runtime": {
        "type": "Transitive",
        "resolved": "2.0.1",
        "contentHash": "auDu0gwvIrxM1gbOJsRiyRJHHeFaAC9ORO4EppreRQEeD+BteTdl6Z/bP4aUgmUimrr7gOQQ87iLcQOsahbvSQ==",
        "dependencies": {
          "Microsoft.WindowsAppSDK.Base": "2.0.3"
        }
      },
      "Microsoft.WindowsAppSDK.Widgets": {
        "type": "Transitive",
        "resolved": "2.0.4",
        "contentHash": "gvfIHLmQKBQ+KQKrWb+Oc+eQEZtpKx2zHQDBzFF7Tio+SDkXtaONU4nvHgaqcnkbqNpDPPT/pYIr7UaI51vNEQ==",
        "dependencies": {
          "Microsoft.WindowsAppSDK.Base": "2.0.3"
        }
      },
      "Microsoft.WindowsAppSDK.WinUI": {
        "type": "Transitive",
        "resolved": "2.0.12",
        "contentHash": "qNyajFTgO9xuxKtcs7vLqg7NLSuZK5+EUKeRh6fHQ9Da8hhmymoKci/srxyQwyLkFOXRL7nnuoxovUpzNjlsCg==",
        "dependencies": {
          "Microsoft.Web.WebView2": "1.0.3719.77",
          "Microsoft.WindowsAppSDK.Base": "2.0.3",
          "Microsoft.WindowsAppSDK.Foundation": "2.0.20",
          "Microsoft.WindowsAppSDK.InteractiveExperiences": "2.0.12"
        }
      },
      "Newtonsoft.Json": {
        "type": "Transitive",
        "resolved": "13.0.4",
        "contentHash": "pdgNNMai3zv51W5aq268sujXUyx7SNdE2bj1wZcWjAQrKMFZV260lbqYop1d2GM67JI1huLRwxo9ZqnfF/lC6A=="
      },
      "Npgsql": {
        "type": "Transitive",
        "resolved": "10.0.0",
        "contentHash": "xZAYhPOU2rUIFpV48xsqhCx9vXs6Y+0jX2LCoSEfDFYMw9jtAOUk3iQsCnDLrFIv9NT3JGMihn7nnuZsPKqJmA==",
        "dependencies": {
          "Microsoft.Extensions.Logging.Abstractions": "10.0.0"
        }
      },
      "Npgsql.EntityFrameworkCore.PostgreSQL": {
        "type": "Transitive",
        "resolved": "10.0.0",
        "contentHash": "E2+uSWxSB8LdsUVwPaqRWOcGOP92biry2JEwc0KJMdLJF+aZdczeIdEXVwEyv4nSVMQJH0o8tLhyAMiR6VF0lw==",
        "dependencies": {
          "Microsoft.EntityFrameworkCore": "[10.0.0, 11.0.0)",
          "Microsoft.EntityFrameworkCore.Relational": "[10.0.0, 11.0.0)",
          "Npgsql": "10.0.0"
        }
      },
      "SQLitePCLRaw.bundle_e_sqlite3": {
        "type": "Transitive",
        "resolved": "2.1.11",
        "contentHash": "DC4nA7yWnf4UZdgJDF+9Mus4/cb0Y3Sfgi3gDnAoKNAIBwzkskNAbNbyu+u4atT0ruVlZNJfwZmwiEwE5oz9LQ==",
        "dependencies": {
          "SQLitePCLRaw.lib.e_sqlite3": "2.1.11",
          "SQLitePCLRaw.provider.e_sqlite3": "2.1.11"
        }
      },
      "SQLitePCLRaw.core": {
        "type": "Transitive",
        "resolved": "2.1.11",
        "contentHash": "PK0GLFkfhZzLQeR3PJf71FmhtHox+U3vcY6ZtswoMjrefkB9k6ErNJEnwXqc5KgXDSjige2XXrezqS39gkpQKA=="
      },
      "SQLitePCLRaw.lib.e_sqlite3": {
        "type": "Transitive",
        "resolved": "2.1.11",
        "contentHash": "Ev2ytaXiOlWZ4b3R67GZBsemTINslLD1DCJr2xiacpn4tbapu0Q4dHEzSvZSMnVWeE5nlObU3VZN2p81q3XOYQ=="
      },
      "SQLitePCLRaw.provider.e_sqlite3": {
        "type": "Transitive",
        "resolved": "2.1.11",
        "contentHash": "Y/0ZkR+r0Cg3DQFuCl1RBnv/tmxpIZRU3HUvelPw6MVaKHwYYR8YNvgs0vuNuXCMvlyJ+Fh88U1D4tah1tt6qw==",
        "dependencies": {
          "SQLitePCLRaw.core": "2.1.11"
        }
      },
      "System.Drawing.Common": {
        "type": "Transitive",
        "resolved": "9.0.4",
        "contentHash": "SbtusMUT1bCxZ14904ZPo2GZyelze0rwUni9wXrp8KX9Zlsda8idqpxra1RBvOA85WM0wW+fCI4GLrlCTYiE6A==",
        "dependencies": {
          "Microsoft.Win32.SystemEvents": "9.0.4"
        }
      },
      "System.IO.FileSystem.AccessControl": {
        "type": "Transitive",
        "resolved": "5.0.0",
        "contentHash": "SxHB3nuNrpptVk+vZ/F+7OHEpoHUIKKMl02bUmYHQr1r+glbZQxs7pRtsf4ENO29TVm2TH3AEeep2fJcy92oYw=="
      },
      "System.IO.Hashing": {
        "type": "Transitive",
        "resolved": "10.0.1",
        "contentHash": "Dy6ULPb2S0GmNndjKrEIpfibNsc8+FTOoZnqygtFDuyun8vWboQbfMpQtKUXpgTxokR5E4zFHETpNnGfeWY6NA=="
      },
      "System.Numerics.Tensors": {
        "type": "Transitive",
        "resolved": "9.0.0",
        "contentHash": "hyJB4UlpAi19Xr9AXzu2NuagKC4lPfHObNMEAA0HmqFz2rX7wKgzeYzO/jM/eBHDhnUGFFEjk5cOoJaxqg5J4A=="
      },
      "ZiPatchLib": {
        "type": "Transitive",
        "resolved": "3.0.0",
        "contentHash": "bPtN6npNX5EPnsKgrLg1TM5+m/lJzd7vbdP16/0TDyw8SjZ5krjMBCFJvaZEe0xPrzoDttznnTVTJC2JXX6JlQ=="
      },
      "reslogger2.common": {
        "type": "Project",
        "dependencies": {
          "Microsoft.EntityFrameworkCore.Sqlite": "[10.0.1, )",
          "Newtonsoft.Json": "[13.0.4, )",
          "Npgsql.EntityFrameworkCore.PostgreSQL": "[10.0.0, )",
          "System.IO.Hashing": "[10.0.1, )",
          "ZiPatchLib": "[3.0.0, )"
        }
      }
    },
    "net10.0-windows10.0.22621/win-arm64": {
      "Microsoft.Web.WebView2": {
        "type": "Transitive",
        "resolved": "1.0.3719.77",
        "contentHash": "t+ucyKw5NTwMjsUrDF6R9Lk40lpcKQD1/HgyGFxl49tdA4h9dKlsj6FYGEmDRpFNfnTpENuTypMcdbrlkqBdDA=="
      },
      "Microsoft.Win32.SystemEvents": {
        "type": "Transitive",
        "resolved": "9.0.4",
        "contentHash": "kHgtAkXhNEP8oGuAVe3Q5admxsdMlSdWE2rXcA9FfeGDZJQawPccmZgnOswgW3ugUPSJt7VH+TMQPz65mnhGSQ=="
      },
      "Microsoft.Windows.AI.MachineLearning": {
        "type": "Transitive",
        "resolved": "2.0.300",
        "contentHash": "OiJX15N198kG30Lop7LH8WjmBfk2/9iU9it9eLPnkNZ49Yi/vAa4ntONGiGOgv5mb8/fvFHV5trCWSPM+OQhSw==",
        "dependencies": {
          "System.Numerics.Tensors": "9.0.0"
        }
      },
      "Microsoft.WindowsAppSDK.Foundation": {
        "type": "Transitive",
        "resolved": "2.0.20",
        "contentHash": "PwoRG/eddoi9SOSVPyanei5WAHMyAeVFAeqcovd0V0Ebx6dw7S+ksVVGThAoMjrRI6f93Fa6mTmwXqFHExOtlw==",
        "dependencies": {
          "Microsoft.WindowsAppSDK.Base": "2.0.3",
          "Microsoft.WindowsAppSDK.InteractiveExperiences": "2.0.12"
        }
      },
      "SQLitePCLRaw.lib.e_sqlite3": {
        "type": "Transitive",
        "resolved": "2.1.11",
        "contentHash": "Ev2ytaXiOlWZ4b3R67GZBsemTINslLD1DCJr2xiacpn4tbapu0Q4dHEzSvZSMnVWeE5nlObU3VZN2p81q3XOYQ=="
      },
      "System.IO.FileSystem.AccessControl": {
        "type": "Transitive",
        "resolved": "5.0.0",
        "contentHash": "SxHB3nuNrpptVk+vZ/F+7OHEpoHUIKKMl02bUmYHQr1r+glbZQxs7pRtsf4ENO29TVm2TH3AEeep2fJcy92oYw=="
      }
    },
    "net10.0-windows10.0.22621/win-x64": {
      "Microsoft.Web.WebView2": {
        "type": "Transitive",
        "resolved": "1.0.3719.77",
        "contentHash": "t+ucyKw5NTwMjsUrDF6R9Lk40lpcKQD1/HgyGFxl49tdA4h9dKlsj6FYGEmDRpFNfnTpENuTypMcdbrlkqBdDA=="
      },
      "Microsoft.Win32.SystemEvents": {
        "type": "Transitive",
        "resolved": "9.0.4",
        "contentHash": "kHgtAkXhNEP8oGuAVe3Q5admxsdMlSdWE2rXcA9FfeGDZJQawPccmZgnOswgW3ugUPSJt7VH+TMQPz65mnhGSQ=="
      },
      "Microsoft.Windows.AI.MachineLearning": {
        "type": "Transitive",
        "resolved": "2.0.300",
        "contentHash": "OiJX15N198kG30Lop7LH8WjmBfk2/9iU9it9eLPnkNZ49Yi/vAa4ntONGiGOgv5mb8/fvFHV5trCWSPM+OQhSw==",
        "dependencies": {
          "System.Numerics.Tensors": "9.0.0"
        }
      },
      "Microsoft.WindowsAppSDK.Foundation": {
        "type": "Transitive",
        "resolved": "2.0.20",
        "contentHash": "PwoRG/eddoi9SOSVPyanei5WAHMyAeVFAeqcovd0V0Ebx6dw7S+ksVVGThAoMjrRI6f93Fa6mTmwXqFHExOtlw==",
        "dependencies": {
          "Microsoft.WindowsAppSDK.Base": "2.0.3",
          "Microsoft.WindowsAppSDK.InteractiveExperiences": "2.0.12"
        }
      },
      "SQLitePCLRaw.lib.e_sqlite3": {
        "type": "Transitive",
        "resolved": "2.1.11",
        "contentHash": "Ev2ytaXiOlWZ4b3R67GZBsemTINslLD1DCJr2xiacpn4tbapu0Q4dHEzSvZSMnVWeE5nlObU3VZN2p81q3XOYQ=="
      },
      "System.IO.FileSystem.AccessControl": {
        "type": "Transitive",
        "resolved": "5.0.0",
        "contentHash": "SxHB3nuNrpptVk+vZ/F+7OHEpoHUIKKMl02bUmYHQr1r+glbZQxs7pRtsf4ENO29TVm2TH3AEeep2fJcy92oYw=="
      }
    },
    "net10.0-windows10.0.22621/win-x86": {
      "Microsoft.Web.WebView2": {
        "type": "Transitive",
        "resolved": "1.0.3719.77",
        "contentHash": "t+ucyKw5NTwMjsUrDF6R9Lk40lpcKQD1/HgyGFxl49tdA4h9dKlsj6FYGEmDRpFNfnTpENuTypMcdbrlkqBdDA=="
      },
      "Microsoft.Win32.SystemEvents": {
        "type": "Transitive",
        "resolved": "9.0.4",
        "contentHash": "kHgtAkXhNEP8oGuAVe3Q5admxsdMlSdWE2rXcA9FfeGDZJQawPccmZgnOswgW3ugUPSJt7VH+TMQPz65mnhGSQ=="
      },
      "Microsoft.Windows.AI.MachineLearning": {
        "type": "Transitive",
        "resolved": "2.0.300",
        "contentHash": "OiJX15N198kG30Lop7LH8WjmBfk2/9iU9it9eLPnkNZ49Yi/vAa4ntONGiGOgv5mb8/fvFHV5trCWSPM+OQhSw==",
        "dependencies": {
          "System.Numerics.Tensors": "9.0.0"
        }
      },
      "Microsoft.WindowsAppSDK.Foundation": {
        "type": "Transitive",
        "resolved": "2.0.20",
        "contentHash": "PwoRG/eddoi9SOSVPyanei5WAHMyAeVFAeqcovd0V0Ebx6dw7S+ksVVGThAoMjrRI6f93Fa6mTmwXqFHExOtlw==",
        "dependencies": {
          "Microsoft.WindowsAppSDK.Base": "2.0.3",
          "Microsoft.WindowsAppSDK.InteractiveExperiences": "2.0.12"
        }
      },
      "SQLitePCLRaw.lib.e_sqlite3": {
        "type": "Transitive",
        "resolved": "2.1.11",
        "contentHash": "Ev2ytaXiOlWZ4b3R67GZBsemTINslLD1DCJr2xiacpn4tbapu0Q4dHEzSvZSMnVWeE5nlObU3VZN2p81q3XOYQ=="
      },
      "System.IO.FileSystem.AccessControl": {
        "type": "Transitive",
        "resolved": "5.0.0",
        "contentHash": "SxHB3nuNrpptVk+vZ/F+7OHEpoHUIKKMl02bUmYHQr1r+glbZQxs7pRtsf4ENO29TVm2TH3AEeep2fJcy92oYw=="
      }
    }
  }
}